// !$*UTF8*$!
{
	archiveVersion = 1;
	classes = {
	};
	objectVersion = 50;
	objects = {

/* Begin PBXBuildFile section */
		221A32D721F0A22E00922EF9 /* AppDelegate.swift in Sources */ = {isa = PBXBuildFile; fileRef = 221A32D621F0A22E00922EF9 /* AppDelegate.swift */; };
		221A32D921F0A22E00922EF9 /* ViewController.swift in Sources */ = {isa = PBXBuildFile; fileRef = 221A32D821F0A22E00922EF9 /* ViewController.swift */; };
		221A32DE21F0A22F00922EF9 /* Assets.xcassets in Resources */ = {isa = PBXBuildFile; fileRef = 221A32DD21F0A22F00922EF9 /* Assets.xcassets */; };
		221A32E121F0A22F00922EF9 /* LaunchScreen.storyboard in Resources */ = {isa = PBXBuildFile; fileRef = 221A32DF21F0A22F00922EF9 /* LaunchScreen.storyboard */; };
		221A32EC21F0A22F00922EF9 /* instagramTests.swift in Sources */ = {isa = PBXBuildFile; fileRef = 221A32EB21F0A22F00922EF9 /* instagramTests.swift */; };
		221A32F721F0A22F00922EF9 /* instagramUITests.swift in Sources */ = {isa = PBXBuildFile; fileRef = 221A32F621F0A22F00922EF9 /* instagramUITests.swift */; };
		221A330521F0A2C100922EF9 /* Helpers.swift in Sources */ = {isa = PBXBuildFile; fileRef = 221A330421F0A2C100922EF9 /* Helpers.swift */; };
		221A330721F0AB4F00922EF9 /* PostCell.swift in Sources */ = {isa = PBXBuildFile; fileRef = 221A330621F0AB4F00922EF9 /* PostCell.swift */; };
		221A330921F0AF1200922EF9 /* CustomTabBarController.swift in Sources */ = {isa = PBXBuildFile; fileRef = 221A330821F0AF1200922EF9 /* CustomTabBarController.swift */; };
		221A330B21F0AFBE00922EF9 /* SearchController.swift in Sources */ = {isa = PBXBuildFile; fileRef = 221A330A21F0AFBE00922EF9 /* SearchController.swift */; };
		221A330D21F0AFEF00922EF9 /* CameraController.swift in Sources */ = {isa = PBXBuildFile; fileRef = 221A330C21F0AFEF00922EF9 /* CameraController.swift */; };
		221A330F21F0AFFD00922EF9 /* ActivityController.swift in Sources */ = {isa = PBXBuildFile; fileRef = 221A330E21F0AFFD00922EF9 /* ActivityController.swift */; };
		221A331121F0B00800922EF9 /* ProfileController.swift in Sources */ = {isa = PBXBuildFile; fileRef = 221A331021F0B00800922EF9 /* ProfileController.swift */; };
		221A331321F0B28400922EF9 /* ViewController+Handlers.swift in Sources */ = {isa = PBXBuildFile; fileRef = 221A331221F0B28400922EF9 /* ViewController+Handlers.swift */; };
		221A331521F0B3C900922EF9 /* Story.swift in Sources */ = {isa = PBXBuildFile; fileRef = 221A331421F0B3C900922EF9 /* Story.swift */; };
		221A331721F0B74700922EF9 /* Post.swift in Sources */ = {isa = PBXBuildFile; fileRef = 221A331621F0B74700922EF9 /* Post.swift */; };
		221A331921F0B9D800922EF9 /* StoriesHeaderCell.swift in Sources */ = {isa = PBXBuildFile; fileRef = 221A331821F0B9D800922EF9 /* StoriesHeaderCell.swift */; };
		221A331B21F0BA5E00922EF9 /* StoryCell.swift in Sources */ = {isa = PBXBuildFile; fileRef = 221A331A21F0BA5E00922EF9 /* StoryCell.swift */; };
		22F10C9A21F376C300EBA63A /* Comment.swift in Sources */ = {isa = PBXBuildFile; fileRef = 22F10C9921F376C300EBA63A /* Comment.swift */; };
		22F10C9C21F3AE0000EBA63A /* CustomView.swift in Sources */ = {isa = PBXBuildFile; fileRef = 22F10C9B21F3AE0000EBA63A /* CustomView.swift */; };
		22F10C9F21F5308A00EBA63A /* CommentsController.swift in Sources */ = {isa = PBXBuildFile; fileRef = 22F10C9E21F5308A00EBA63A /* CommentsController.swift */; };
		22F10CA121F5311600EBA63A /* CommentsController+Handlers.swift in Sources */ = {isa = PBXBuildFile; fileRef = 22F10CA021F5311600EBA63A /* CommentsController+Handlers.swift */; };
		22F10CA321F532F500EBA63A /* PostCell+Handlers.swift in Sources */ = {isa = PBXBuildFile; fileRef = 22F10CA221F532F500EBA63A /* PostCell+Handlers.swift */; };
		22F10CAB21F53A1100EBA63A /* CommentCell.swift in Sources */ = {isa = PBXBuildFile; fileRef = 22F10CAA21F53A1100EBA63A /* CommentCell.swift */; };
/* End PBXBuildFile section */

/* Begin PBXContainerItemProxy section */
		221A32E821F0A22F00922EF9 /* PBXContainerItemProxy */ = {
			isa = PBXContainerItemProxy;
			containerPortal = 221A32CB21F0A22E00922EF9 /* Project object */;
			proxyType = 1;
			remoteGlobalIDString = 221A32D221F0A22E00922EF9;
			remoteInfo = instagram;
		};
		221A32F321F0A22F00922EF9 /* PBXContainerItemProxy */ = {
			isa = PBXContainerItemProxy;
			containerPortal = 221A32CB21F0A22E00922EF9 /* Project object */;
			proxyType = 1;
			remoteGlobalIDString = 221A32D221F0A22E00922EF9;
			remoteInfo = instagram;
		};
/* End PBXContainerItemProxy section */

/* Begin PBXFileReference section */
		221A32D321F0A22E00922EF9 /* instagram.app */ = {isa = PBXFileReference; explicitFileType = wrapper.application; includeInIndex = 0; path = instagram.app; sourceTree = BUILT_PRODUCTS_DIR; };
		221A32D621F0A22E00922EF9 /* AppDelegate.swift */ = {isa = PBXFileReference; lastKnownFileType = sourcecode.swift; path = AppDelegate.swift; sourceTree = "<group>"; };
		221A32D821F0A22E00922EF9 /* ViewController.swift */ = {isa = PBXFileReference; lastKnownFileType = sourcecode.swift; path = ViewController.swift; sourceTree = "<group>"; };
		221A32DD21F0A22F00922EF9 /* Assets.xcassets */ = {isa = PBXFileReference; lastKnownFileType = folder.assetcatalog; path = Assets.xcassets; sourceTree = "<group>"; };
		221A32E021F0A22F00922EF9 /* Base */ = {isa = PBXFileReference; lastKnownFileType = file.storyboard; name = Base; path = Base.lproj/LaunchScreen.storyboard; sourceTree = "<group>"; };
		221A32E221F0A22F00922EF9 /* Info.plist */ = {isa = PBXFileReference; lastKnownFileType = text.plist.xml; path = Info.plist; sourceTree = "<group>"; };
		221A32E721F0A22F00922EF9 /* instagramTests.xctest */ = {isa = PBXFileReference; explicitFileType = wrapper.cfbundle; includeInIndex = 0; path = instagramTests.xctest; sourceTree = BUILT_PRODUCTS_DIR; };
		221A32EB21F0A22F00922EF9 /* instagramTests.swift */ = {isa = PBXFileReference; lastKnownFileType = sourcecode.swift; path = instagramTests.swift; sourceTree = "<group>"; };
		221A32ED21F0A22F00922EF9 /* Info.plist */ = {isa = PBXFileReference; lastKnownFileType = text.plist.xml; path = Info.plist; sourceTree = "<group>"; };
		221A32F221F0A22F00922EF9 /* instagramUITests.xctest */ = {isa = PBXFileReference; explicitFileType = wrapper.cfbundle; includeInIndex = 0; path = instagramUITests.xctest; sourceTree = BUILT_PRODUCTS_DIR; };
		221A32F621F0A22F00922EF9 /* instagramUITests.swift */ = {isa = PBXFileReference; lastKnownFileType = sourcecode.swift; path = instagramUITests.swift; sourceTree = "<group>"; };
		221A32F821F0A22F00922EF9 /* Info.plist */ = {isa = PBXFileReference; lastKnownFileType = text.plist.xml; path = Info.plist; sourceTree = "<group>"; };
		221A330421F0A2C100922EF9 /* Helpers.swift */ = {isa = PBXFileReference; lastKnownFileType = sourcecode.swift; path = Helpers.swift; sourceTree = "<group>"; };
		221A330621F0AB4F00922EF9 /* PostCell.swift */ = {isa = PBXFileReference; lastKnownFileType = sourcecode.swift; path = PostCell.swift; sourceTree = "<group>"; };
		221A330821F0AF1200922EF9 /* CustomTabBarController.swift */ = {isa = PBXFileReference; lastKnownFileType = sourcecode.swift; path = CustomTabBarController.swift; sourceTree = "<group>"; };
		221A330A21F0AFBE00922EF9 /* SearchController.swift */ = {isa = PBXFileReference; lastKnownFileType = sourcecode.swift; path = SearchController.swift; sourceTree = "<group>"; };
		221A330C21F0AFEF00922EF9 /* CameraController.swift */ = {isa = PBXFileReference; lastKnownFileType = sourcecode.swift; path = CameraController.swift; sourceTree = "<group>"; };
		221A330E21F0AFFD00922EF9 /* ActivityController.swift */ = {isa = PBXFileReference; lastKnownFileType = sourcecode.swift; path = ActivityController.swift; sourceTree = "<group>"; };
		221A331021F0B00800922EF9 /* ProfileController.swift */ = {isa = PBXFileReference; lastKnownFileType = sourcecode.swift; path = ProfileController.swift; sourceTree = "<group>"; };
		221A331221F0B28400922EF9 /* ViewController+Handlers.swift */ = {isa = PBXFileReference; lastKnownFileType = sourcecode.swift; path = "ViewController+Handlers.swift"; sourceTree = "<group>"; };
		221A331421F0B3C900922EF9 /* Story.swift */ = {isa = PBXFileReference; lastKnownFileType = sourcecode.swift; path = Story.swift; sourceTree = "<group>"; };
		221A331621F0B74700922EF9 /* Post.swift */ = {isa = PBXFileReference; lastKnownFileType = sourcecode.swift; path = Post.swift; sourceTree = "<group>"; };
		221A331821F0B9D800922EF9 /* StoriesHeaderCell.swift */ = {isa = PBXFileReference; lastKnownFileType = sourcecode.swift; path = StoriesHeaderCell.swift; sourceTree = "<group>"; };
		221A331A21F0BA5E00922EF9 /* StoryCell.swift */ = {isa = PBXFileReference; lastKnownFileType = sourcecode.swift; path = StoryCell.swift; sourceTree = "<group>"; };
		22F10C9921F376C300EBA63A /* Comment.swift */ = {isa = PBXFileReference; lastKnownFileType = sourcecode.swift; path = Comment.swift; sourceTree = "<group>"; };
		22F10C9B21F3AE0000EBA63A /* CustomView.swift */ = {isa = PBXFileReference; lastKnownFileType = sourcecode.swift; path = CustomView.swift; sourceTree = "<group>"; };
		22F10C9E21F5308A00EBA63A /* CommentsController.swift */ = {isa = PBXFileReference; lastKnownFileType = sourcecode.swift; path = CommentsController.swift; sourceTree = "<group>"; };
		22F10CA021F5311600EBA63A /* CommentsController+Handlers.swift */ = {isa = PBXFileReference; lastKnownFileType = sourcecode.swift; path = "CommentsController+Handlers.swift"; sourceTree = "<group>"; };
		22F10CA221F532F500EBA63A /* PostCell+Handlers.swift */ = {isa = PBXFileReference; lastKnownFileType = sourcecode.swift; path = "PostCell+Handlers.swift"; sourceTree = "<group>"; };
		22F10CAA21F53A1100EBA63A /* CommentCell.swift */ = {isa = PBXFileReference; lastKnownFileType = sourcecode.swift; path = CommentCell.swift; sourceTree = "<group>"; };
/* End PBXFileReference section */

/* Begin PBXFrameworksBuildPhase section */
		221A32D021F0A22E00922EF9 /* Frameworks */ = {
			isa = PBXFrameworksBuildPhase;
			buildActionMask = 2147483647;
			files = (
			);
			runOnlyForDeploymentPostprocessing = 0;
		};
		221A32E421F0A22F00922EF9 /* Frameworks */ = {
			isa = PBXFrameworksBuildPhase;
			buildActionMask = 2147483647;
			files = (
			);
			runOnlyForDeploymentPostprocessing = 0;
		};
		221A32EF21F0A22F00922EF9 /* Frameworks */ = {
			isa = PBXFrameworksBuildPhase;
			buildActionMask = 2147483647;
			files = (
			);
			runOnlyForDeploymentPostprocessing = 0;
		};
/* End PBXFrameworksBuildPhase section */

/* Begin PBXGroup section */
		221A32CA21F0A22E00922EF9 = {
			isa = PBXGroup;
			children = (
				221A32D521F0A22E00922EF9 /* instagram */,
				221A32EA21F0A22F00922EF9 /* instagramTests */,
				221A32F521F0A22F00922EF9 /* instagramUITests */,
				221A32D421F0A22E00922EF9 /* Products */,
			);
			sourceTree = "<group>";
		};
		221A32D421F0A22E00922EF9 /* Products */ = {
			isa = PBXGroup;
			children = (
				221A32D321F0A22E00922EF9 /* instagram.app */,
				221A32E721F0A22F00922EF9 /* instagramTests.xctest */,
				221A32F221F0A22F00922EF9 /* instagramUITests.xctest */,
			);
			name = Products;
			sourceTree = "<group>";
		};
		221A32D521F0A22E00922EF9 /* instagram */ = {
			isa = PBXGroup;
			children = (
				221A32D621F0A22E00922EF9 /* AppDelegate.swift */,
				221A330421F0A2C100922EF9 /* Helpers.swift */,
				22F10C9D21F3AE6A00EBA63A /* CustomViews */,
				22F10C9821F376BA00EBA63A /* Model */,
				22F10CA621F5332800EBA63A /* TabBar */,
				22F10CA421F5331E00EBA63A /* Cells */,
				22F10C9221F28E7700EBA63A /* Controllers */,
				221A32DD21F0A22F00922EF9 /* Assets.xcassets */,
				221A32DF21F0A22F00922EF9 /* LaunchScreen.storyboard */,
				221A32E221F0A22F00922EF9 /* Info.plist */,
			);
			path = instagram;
			sourceTree = "<group>";
		};
		221A32EA21F0A22F00922EF9 /* instagramTests */ = {
			isa = PBXGroup;
			children = (
				221A32EB21F0A22F00922EF9 /* instagramTests.swift */,
				221A32ED21F0A22F00922EF9 /* Info.plist */,
			);
			path = instagramTests;
			sourceTree = "<group>";
		};
		221A32F521F0A22F00922EF9 /* instagramUITests */ = {
			isa = PBXGroup;
			children = (
				221A32F621F0A22F00922EF9 /* instagramUITests.swift */,
				221A32F821F0A22F00922EF9 /* Info.plist */,
			);
			path = instagramUITests;
			sourceTree = "<group>";
		};
		22F10C9221F28E7700EBA63A /* Controllers */ = {
			isa = PBXGroup;
			children = (
				22F10C9321F28E7F00EBA63A /* Feed */,
				22F10C9421F28E8300EBA63A /* Search */,
				22F10C9521F28E8800EBA63A /* Camera */,
				22F10C9621F28E8E00EBA63A /* Activity */,
				22F10C9721F28E9300EBA63A /* Profile */,
			);
			path = Controllers;
			sourceTree = "<group>";
		};
		22F10C9321F28E7F00EBA63A /* Feed */ = {
			isa = PBXGroup;
			children = (
				221A32D821F0A22E00922EF9 /* ViewController.swift */,
				221A331221F0B28400922EF9 /* ViewController+Handlers.swift */,
				22F10C9E21F5308A00EBA63A /* CommentsController.swift */,
				22F10CA021F5311600EBA63A /* CommentsController+Handlers.swift */,
			);
			path = Feed;
			sourceTree = "<group>";
		};
		22F10C9421F28E8300EBA63A /* Search */ = {
			isa = PBXGroup;
			children = (
				221A330A21F0AFBE00922EF9 /* SearchController.swift */,
			);
			path = Search;
			sourceTree = "<group>";
		};
		22F10C9521F28E8800EBA63A /* Camera */ = {
			isa = PBXGroup;
			children = (
				221A330C21F0AFEF00922EF9 /* CameraController.swift */,
			);
			path = Camera;
			sourceTree = "<group>";
		};
		22F10C9621F28E8E00EBA63A /* Activity */ = {
			isa = PBXGroup;
			children = (
				221A330E21F0AFFD00922EF9 /* ActivityController.swift */,
			);
			path = Activity;
			sourceTree = "<group>";
		};
		22F10C9721F28E9300EBA63A /* Profile */ = {
			isa = PBXGroup;
			children = (
				221A331021F0B00800922EF9 /* ProfileController.swift */,
			);
			path = Profile;
			sourceTree = "<group>";
		};
		22F10C9821F376BA00EBA63A /* Model */ = {
			isa = PBXGroup;
			children = (
				221A331421F0B3C900922EF9 /* Story.swift */,
				221A331621F0B74700922EF9 /* Post.swift */,
				22F10C9921F376C300EBA63A /* Comment.swift */,
			);
			path = Model;
			sourceTree = "<group>";
		};
		22F10C9D21F3AE6A00EBA63A /* CustomViews */ = {
			isa = PBXGroup;
			children = (
				22F10C9B21F3AE0000EBA63A /* CustomView.swift */,
			);
			path = CustomViews;
			sourceTree = "<group>";
		};
		22F10CA421F5331E00EBA63A /* Cells */ = {
			isa = PBXGroup;
			children = (
				22F10CA721F539FC00EBA63A /* FeedCells */,
				22F10CAA21F53A1100EBA63A /* CommentCell.swift */,
			);
			path = Cells;
			sourceTree = "<group>";
		};
		22F10CA621F5332800EBA63A /* TabBar */ = {
			isa = PBXGroup;
			children = (
				221A330821F0AF1200922EF9 /* CustomTabBarController.swift */,
			);
			path = TabBar;
			sourceTree = "<group>";
		};
		22F10CA721F539FC00EBA63A /* FeedCells */ = {
			isa = PBXGroup;
			children = (
				221A330621F0AB4F00922EF9 /* PostCell.swift */,
				22F10CA221F532F500EBA63A /* PostCell+Handlers.swift */,
				221A331821F0B9D800922EF9 /* StoriesHeaderCell.swift */,
				221A331A21F0BA5E00922EF9 /* StoryCell.swift */,
			);
			path = FeedCells;
			sourceTree = "<group>";
		};
/* End PBXGroup section */

/* Begin PBXNativeTarget section */
		221A32D221F0A22E00922EF9 /* instagram */ = {
			isa = PBXNativeTarget;
			buildConfigurationList = 221A32FB21F0A22F00922EF9 /* Build configuration list for PBXNativeTarget "instagram" */;
			buildPhases = (
				221A32CF21F0A22E00922EF9 /* Sources */,
				221A32D021F0A22E00922EF9 /* Frameworks */,
				221A32D121F0A22E00922EF9 /* Resources */,
			);
			buildRules = (
			);
			dependencies = (
			);
			name = instagram;
			productName = instagram;
			productReference = 221A32D321F0A22E00922EF9 /* instagram.app */;
			productType = "com.apple.product-type.application";
		};
		221A32E621F0A22F00922EF9 /* instagramTests */ = {
			isa = PBXNativeTarget;
			buildConfigurationList = 221A32FE21F0A22F00922EF9 /* Build configuration list for PBXNativeTarget "instagramTests" */;
			buildPhases = (
				221A32E321F0A22F00922EF9 /* Sources */,
				221A32E421F0A22F00922EF9 /* Frameworks */,
				221A32E521F0A22F00922EF9 /* Resources */,
			);
			buildRules = (
			);
			dependencies = (
				221A32E921F0A22F00922EF9 /* PBXTargetDependency */,
			);
			name = instagramTests;
			productName = instagramTests;
			productReference = 221A32E721F0A22F00922EF9 /* instagramTests.xctest */;
			productType = "com.apple.product-type.bundle.unit-test";
		};
		221A32F121F0A22F00922EF9 /* instagramUITests */ = {
			isa = PBXNativeTarget;
			buildConfigurationList = 221A330121F0A22F00922EF9 /* Build configuration list for PBXNativeTarget "instagramUITests" */;
			buildPhases = (
				221A32EE21F0A22F00922EF9 /* Sources */,
				221A32EF21F0A22F00922EF9 /* Frameworks */,
				221A32F021F0A22F00922EF9 /* Resources */,
			);
			buildRules = (
			);
			dependencies = (
				221A32F421F0A22F00922EF9 /* PBXTargetDependency */,
			);
			name = instagramUITests;
			productName = instagramUITests;
			productReference = 221A32F221F0A22F00922EF9 /* instagramUITests.xctest */;
			productType = "com.apple.product-type.bundle.ui-testing";
		};
/* End PBXNativeTarget section */

/* Begin PBXProject section */
		221A32CB21F0A22E00922EF9 /* Project object */ = {
			isa = PBXProject;
			attributes = {
				LastSwiftUpdateCheck = 1010;
				LastUpgradeCheck = 1010;
				ORGANIZATIONNAME = "Daniel Dramond";
				TargetAttributes = {
					221A32D221F0A22E00922EF9 = {
						CreatedOnToolsVersion = 10.1;
					};
					221A32E621F0A22F00922EF9 = {
						CreatedOnToolsVersion = 10.1;
						TestTargetID = 221A32D221F0A22E00922EF9;
					};
					221A32F121F0A22F00922EF9 = {
						CreatedOnToolsVersion = 10.1;
						TestTargetID = 221A32D221F0A22E00922EF9;
					};
				};
			};
			buildConfigurationList = 221A32CE21F0A22E00922EF9 /* Build configuration list for PBXProject "instagram" */;
			compatibilityVersion = "Xcode 9.3";
			developmentRegion = en;
			hasScannedForEncodings = 0;
			knownRegions = (
				en,
				Base,
			);
			mainGroup = 221A32CA21F0A22E00922EF9;
			productRefGroup = 221A32D421F0A22E00922EF9 /* Products */;
			projectDirPath = "";
			projectRoot = "";
			targets = (
				221A32D221F0A22E00922EF9 /* instagram */,
				221A32E621F0A22F00922EF9 /* instagramTests */,
				221A32F121F0A22F00922EF9 /* instagramUITests */,
			);
		};
/* End PBXProject section */

/* Begin PBXResourcesBuildPhase section */
		221A32D121F0A22E00922EF9 /* Resources */ = {
			isa = PBXResourcesBuildPhase;
			buildActionMask = 2147483647;
			files = (
				221A32E121F0A22F00922EF9 /* LaunchScreen.storyboard in Resources */,
				221A32DE21F0A22F00922EF9 /* Assets.xcassets in Resources */,
			);
			runOnlyForDeploymentPostprocessing = 0;
		};
		221A32E521F0A22F00922EF9 /* Resources */ = {
			isa = PBXResourcesBuildPhase;
			buildActionMask = 2147483647;
			files = (
			);
			runOnlyForDeploymentPostprocessing = 0;
		};
		221A32F021F0A22F00922EF9 /* Resources */ = {
			isa = PBXResourcesBuildPhase;
			buildActionMask = 2147483647;
			files = (
			);
			runOnlyForDeploymentPostprocessing = 0;
		};
/* End PBXResourcesBuildPhase section */

/* Begin PBXSourcesBuildPhase section */
		221A32CF21F0A22E00922EF9 /* Sources */ = {
			isa = PBXSourcesBuildPhase;
			buildActionMask = 2147483647;
			files = (
				221A32D921F0A22E00922EF9 /* ViewController.swift in Sources */,
				22F10C9C21F3AE0000EBA63A /* CustomView.swift in Sources */,
				221A330B21F0AFBE00922EF9 /* SearchController.swift in Sources */,
				221A330D21F0AFEF00922EF9 /* CameraController.swift in Sources */,
				221A331B21F0BA5E00922EF9 /* StoryCell.swift in Sources */,
				221A331921F0B9D800922EF9 /* StoriesHeaderCell.swift in Sources */,
				22F10CA121F5311600EBA63A /* CommentsController+Handlers.swift in Sources */,
				221A331721F0B74700922EF9 /* Post.swift in Sources */,
				221A330521F0A2C100922EF9 /* Helpers.swift in Sources */,
				221A330F21F0AFFD00922EF9 /* ActivityController.swift in Sources */,
				22F10C9F21F5308A00EBA63A /* CommentsController.swift in Sources */,
				221A331321F0B28400922EF9 /* ViewController+Handlers.swift in Sources */,
				221A331121F0B00800922EF9 /* ProfileController.swift in Sources */,
				22F10C9A21F376C300EBA63A /* Comment.swift in Sources */,
				221A330921F0AF1200922EF9 /* CustomTabBarController.swift in Sources */,
				22F10CAB21F53A1100EBA63A /* CommentCell.swift in Sources */,
				22F10CA321F532F500EBA63A /* PostCell+Handlers.swift in Sources */,
				221A32D721F0A22E00922EF9 /* AppDelegate.swift in Sources */,
				221A330721F0AB4F00922EF9 /* PostCell.swift in Sources */,
				221A331521F0B3C900922EF9 /* Story.swift in Sources */,
			);
			runOnlyForDeploymentPostprocessing = 0;
		};
		221A32E321F0A22F00922EF9 /* Sources */ = {
			isa = PBXSourcesBuildPhase;
			buildActionMask = 2147483647;
			files = (
				221A32EC21F0A22F00922EF9 /* instagramTests.swift in Sources */,
			);
			runOnlyForDeploymentPostprocessing = 0;
		};
		221A32EE21F0A22F00922EF9 /* Sources */ = {
			isa = PBXSourcesBuildPhase;
			buildActionMask = 2147483647;
			files = (
				221A32F721F0A22F00922EF9 /* instagramUITests.swift in Sources */,
			);
			runOnlyForDeploymentPostprocessing = 0;
		};
/* End PBXSourcesBuildPhase section */

/* Begin PBXTargetDependency section */
		221A32E921F0A22F00922EF9 /* PBXTargetDependency */ = {
			isa = PBXTargetDependency;
			target = 221A32D221F0A22E00922EF9 /* instagram */;
			targetProxy = 221A32E821F0A22F00922EF9 /* PBXContainerItemProxy */;
		};
		221A32F421F0A22F00922EF9 /* PBXTargetDependency */ = {
			isa = PBXTargetDependency;
			target = 221A32D221F0A22E00922EF9 /* instagram */;
			targetProxy = 221A32F321F0A22F00922EF9 /* PBXContainerItemProxy */;
		};
/* End PBXTargetDependency section */

/* Begin PBXVariantGroup section */
		221A32DF21F0A22F00922EF9 /* LaunchScreen.storyboard */ = {
			isa = PBXVariantGroup;
			children = (
				221A32E021F0A22F00922EF9 /* Base */,
			);
			name = LaunchScreen.storyboard;
			sourceTree = "<group>";
		};
/* End PBXVariantGroup section */

/* Begin XCBuildConfiguration section */
		221A32F921F0A22F00922EF9 /* Debug */ = {
			isa = XCBuildConfiguration;
			buildSettings = {
				ALWAYS_SEARCH_USER_PATHS = NO;
				CLANG_ANALYZER_NONNULL = YES;
				CLANG_ANALYZER_NUMBER_OBJECT_CONVERSION = YES_AGGRESSIVE;
				CLANG_CXX_LANGUAGE_STANDARD = "gnu++14";
				CLANG_CXX_LIBRARY = "libc++";
				CLANG_ENABLE_MODULES = YES;
				CLANG_ENABLE_OBJC_ARC = YES;
				CLANG_ENABLE_OBJC_WEAK = YES;
				CLANG_WARN_BLOCK_CAPTURE_AUTORELEASING = YES;
				CLANG_WARN_BOOL_CONVERSION = YES;
				CLANG_WARN_COMMA = YES;
				CLANG_WARN_CONSTANT_CONVERSION = YES;
				CLANG_WARN_DEPRECATED_OBJC_IMPLEMENTATIONS = YES;
				CLANG_WARN_DIRECT_OBJC_ISA_USAGE = YES_ERROR;
				CLANG_WARN_DOCUMENTATION_COMMENTS = YES;
				CLANG_WARN_EMPTY_BODY = YES;
				CLANG_WARN_ENUM_CONVERSION = YES;
				CLANG_WARN_INFINITE_RECURSION = YES;
				CLANG_WARN_INT_CONVERSION = YES;
				CLANG_WARN_NON_LITERAL_NULL_CONVERSION = YES;
				CLANG_WARN_OBJC_IMPLICIT_RETAIN_SELF = YES;
				CLANG_WARN_OBJC_LITERAL_CONVERSION = YES;
				CLANG_WARN_OBJC_ROOT_CLASS = YES_ERROR;
				CLANG_WARN_RANGE_LOOP_ANALYSIS = YES;
				CLANG_WARN_STRICT_PROTOTYPES = YES;
				CLANG_WARN_SUSPICIOUS_MOVE = YES;
				CLANG_WARN_UNGUARDED_AVAILABILITY = YES_AGGRESSIVE;
				CLANG_WARN_UNREACHABLE_CODE = YES;
				CLANG_WARN__DUPLICATE_METHOD_MATCH = YES;
				CODE_SIGN_IDENTITY = "iPhone Developer";
				COPY_PHASE_STRIP = NO;
				DEBUG_INFORMATION_FORMAT = dwarf;
				ENABLE_STRICT_OBJC_MSGSEND = YES;
				ENABLE_TESTABILITY = YES;
				GCC_C_LANGUAGE_STANDARD = gnu11;
				GCC_DYNAMIC_NO_PIC = NO;
				GCC_NO_COMMON_BLOCKS = YES;
				GCC_OPTIMIZATION_LEVEL = 0;
				GCC_PREPROCESSOR_DEFINITIONS = (
					"DEBUG=1",
					"$(inherited)",
				);
				GCC_WARN_64_TO_32_BIT_CONVERSION = YES;
				GCC_WARN_ABOUT_RETURN_TYPE = YES_ERROR;
				GCC_WARN_UNDECLARED_SELECTOR = YES;
				GCC_WARN_UNINITIALIZED_AUTOS = YES_AGGRESSIVE;
				GCC_WARN_UNUSED_FUNCTION = YES;
				GCC_WARN_UNUSED_VARIABLE = YES;
				IPHONEOS_DEPLOYMENT_TARGET = 12.1;
				MTL_ENABLE_DEBUG_INFO = INCLUDE_SOURCE;
				MTL_FAST_MATH = YES;
				ONLY_ACTIVE_ARCH = YES;
				SDKROOT = iphoneos;
				SWIFT_ACTIVE_COMPILATION_CONDITIONS = DEBUG;
				SWIFT_OPTIMIZATION_LEVEL = "-Onone";
			};
			name = Debug;
		};
		221A32FA21F0A22F00922EF9 /* Release */ = {
			isa = XCBuildConfiguration;
			buildSettings = {
				ALWAYS_SEARCH_USER_PATHS = NO;
				CLANG_ANALYZER_NONNULL = YES;
				CLANG_ANALYZER_NUMBER_OBJECT_CONVERSION = YES_AGGRESSIVE;
				CLANG_CXX_LANGUAGE_STANDARD = "gnu++14";
				CLANG_CXX_LIBRARY = "libc++";
				CLANG_ENABLE_MODULES = YES;
				CLANG_ENABLE_OBJC_ARC = YES;
				CLANG_ENABLE_OBJC_WEAK = YES;
				CLANG_WARN_BLOCK_CAPTURE_AUTORELEASING = YES;
				CLANG_WARN_BOOL_CONVERSION = YES;
				CLANG_WARN_COMMA = YES;
				CLANG_WARN_CONSTANT_CONVERSION = YES;
				CLANG_WARN_DEPRECATED_OBJC_IMPLEMENTATIONS = YES;
				CLANG_WARN_DIRECT_OBJC_ISA_USAGE = YES_ERROR;
				CLANG_WARN_DOCUMENTATION_COMMENTS = YES;
				CLANG_WARN_EMPTY_BODY = YES;
				CLANG_WARN_ENUM_CONVERSION = YES;
				CLANG_WARN_INFINITE_RECURSION = YES;
				CLANG_WARN_INT_CONVERSION = YES;
				CLANG_WARN_NON_LITERAL_NULL_CONVERSION = YES;
				CLANG_WARN_OBJC_IMPLICIT_RETAIN_SELF = YES;
				CLANG_WARN_OBJC_LITERAL_CONVERSION = YES;
				CLANG_WARN_OBJC_ROOT_CLASS = YES_ERROR;
				CLANG_WARN_RANGE_LOOP_ANALYSIS = YES;
				CLANG_WARN_STRICT_PROTOTYPES = YES;
				CLANG_WARN_SUSPICIOUS_MOVE = YES;
				CLANG_WARN_UNGUARDED_AVAILABILITY = YES_AGGRESSIVE;
				CLANG_WARN_UNREACHABLE_CODE = YES;
				CLANG_WARN__DUPLICATE_METHOD_MATCH = YES;
				CODE_SIGN_IDENTITY = "iPhone Developer";
				COPY_PHASE_STRIP = NO;
				DEBUG_INFORMATION_FORMAT = "dwarf-with-dsym";
				ENABLE_NS_ASSERTIONS = NO;
				ENABLE_STRICT_OBJC_MSGSEND = YES;
				GCC_C_LANGUAGE_STANDARD = gnu11;
				GCC_NO_COMMON_BLOCKS = YES;
				GCC_WARN_64_TO_32_BIT_CONVERSION = YES;
				GCC_WARN_ABOUT_RETURN_TYPE = YES_ERROR;
				GCC_WARN_UNDECLARED_SELECTOR = YES;
				GCC_WARN_UNINITIALIZED_AUTOS = YES_AGGRESSIVE;
				GCC_WARN_UNUSED_FUNCTION = YES;
				GCC_WARN_UNUSED_VARIABLE = YES;
				IPHONEOS_DEPLOYMENT_TARGET = 12.1;
				MTL_ENABLE_DEBUG_INFO = NO;
				MTL_FAST_MATH = YES;
				SDKROOT = iphoneos;
				SWIFT_COMPILATION_MODE = wholemodule;
				SWIFT_OPTIMIZATION_LEVEL = "-O";
				VALIDATE_PRODUCT = YES;
			};
			name = Release;
		};
		221A32FC21F0A22F00922EF9 /* Debug */ = {
			isa = XCBuildConfiguration;
			buildSettings = {
				ASSETCATALOG_COMPILER_APPICON_NAME = AppIcon;
				CODE_SIGN_STYLE = Automatic;
				DEVELOPMENT_TEAM = UYGL685T6H;
				INFOPLIST_FILE = instagram/Info.plist;
				IPHONEOS_DEPLOYMENT_TARGET = 12.0;
				LD_RUNPATH_SEARCH_PATHS = (
					"$(inherited)",
					"@executable_path/Frameworks",
				);
				PRODUCT_BUNDLE_IDENTIFIER = dramond.instagram;
				PRODUCT_NAME = "$(TARGET_NAME)";
				SWIFT_VERSION = 4.2;
				TARGETED_DEVICE_FAMILY = "1,2";
			};
			name = Debug;
		};
		221A32FD21F0A22F00922EF9 /* Release */ = {
			isa = XCBuildConfiguration;
			buildSettings = {
				ASSETCATALOG_COMPILER_APPICON_NAME = AppIcon;
				CODE_SIGN_STYLE = Automatic;
				DEVELOPMENT_TEAM = UYGL685T6H;
				INFOPLIST_FILE = instagram/Info.plist;
				IPHONEOS_DEPLOYMENT_TARGET = 12.0;
				LD_RUNPATH_SEARCH_PATHS = (
					"$(inherited)",
					"@executable_path/Frameworks",
				);
				PRODUCT_BUNDLE_IDENTIFIER = dramond.instagram;
				PRODUCT_NAME = "$(TARGET_NAME)";
				SWIFT_VERSION = 4.2;
				TARGETED_DEVICE_FAMILY = "1,2";
			};
			name = Release;
		};
		221A32FF21F0A22F00922EF9 /* Debug */ = {
			isa = XCBuildConfiguration;
			buildSettings = {
				ALWAYS_EMBED_SWIFT_STANDARD_LIBRARIES = YES;
				BUNDLE_LOADER = "$(TEST_HOST)";
				CODE_SIGN_STYLE = Automatic;
				DEVELOPMENT_TEAM = UYGL685T6H;
				INFOPLIST_FILE = instagramTests/Info.plist;
				LD_RUNPATH_SEARCH_PATHS = (
					"$(inherited)",
					"@executable_path/Frameworks",
					"@loader_path/Frameworks",
				);
				PRODUCT_BUNDLE_IDENTIFIER = dramond.instagramTests;
				PRODUCT_NAME = "$(TARGET_NAME)";
				SWIFT_VERSION = 4.2;
				TARGETED_DEVICE_FAMILY = "1,2";
				TEST_HOST = "$(BUILT_PRODUCTS_DIR)/instagram.app/instagram";
			};
			name = Debug;
		};
		221A330021F0A22F00922EF9 /* Release */ = {
			isa = XCBuildConfiguration;
			buildSettings = {
				ALWAYS_EMBED_SWIFT_STANDARD_LIBRARIES = YES;
				BUNDLE_LOADER = "$(TEST_HOST)";
				CODE_SIGN_STYLE = Automatic;
				DEVELOPMENT_TEAM = UYGL685T6H;
				INFOPLIST_FILE = instagramTests/Info.plist;
				LD_RUNPATH_SEARCH_PATHS = (
					"$(inherited)",
					"@executable_path/Frameworks",
					"@loader_path/Frameworks",
				);
				PRODUCT_BUNDLE_IDENTIFIER = dramond.instagramTests;
				PRODUCT_NAME = "$(TARGET_NAME)";
				SWIFT_VERSION = 4.2;
				TARGETED_DEVICE_FAMILY = "1,2";
				TEST_HOST = "$(BUILT_PRODUCTS_DIR)/instagram.app/instagram";
			};
			name = Release;
		};
		221A330221F0A22F00922EF9 /* Debug */ = {
			isa = XCBuildConfiguration;
			buildSettings = {
				ALWAYS_EMBED_SWIFT_STANDARD_LIBRARIES = YES;
				CODE_SIGN_STYLE = Automatic;
				DEVELOPMENT_TEAM = UYGL685T6H;
				INFOPLIST_FILE = instagramUITests/Info.plist;
				LD_RUNPATH_SEARCH_PATHS = (
					"$(inherited)",
					"@executable_path/Frameworks",
					"@loader_path/Frameworks",
				);
				PRODUCT_BUNDLE_IDENTIFIER = dramond.instagramUITests;
				PRODUCT_NAME = "$(TARGET_NAME)";
				SWIFT_VERSION = 4.2;
				TARGETED_DEVICE_FAMILY = "1,2";
				TEST_TARGET_NAME = instagram;
			};
			name = Debug;
		};
		221A330321F0A22F00922EF9 /* Release */ = {
			isa = XCBuildConfiguration;
			buildSettings = {
				ALWAYS_EMBED_SWIFT_STANDARD_LIBRARIES = YES;
				CODE_SIGN_STYLE = Automatic;
				DEVELOPMENT_TEAM = UYGL685T6H;
				INFOPLIST_FILE = instagramUITests/Info.plist;
				LD_RUNPATH_SEARCH_PATHS = (
					"$(inherited)",
					"@executable_path/Frameworks",
					"@loader_path/Frameworks",
				);
				PRODUCT_BUNDLE_IDENTIFIER = dramond.instagramUITests;
				PRODUCT_NAME = "$(TARGET_NAME)";
				SWIFT_VERSION = 4.2;
				TARGETED_DEVICE_FAMILY = "1,2";
				TEST_TARGET_NAME = instagram;
			};
			name = Release;
		};
/* End XCBuildConfiguration section */

/* Begin XCConfigurationList section */
		221A32CE21F0A22E00922EF9 /* Build configuration list for PBXProject "instagram" */ = {
			isa = XCConfigurationList;
			buildConfigurations = (
				221A32F921F0A22F00922EF9 /* Debug */,
				221A32FA21F0A22F00922EF9 /* Release */,
			);
			defaultConfigurationIsVisible = 0;
			defaultConfigurationName = Release;
		};
		221A32FB21F0A22F00922EF9 /* Build configuration list for PBXNativeTarget "instagram" */ = {
			isa = XCConfigurationList;
			buildConfigurations = (
				221A32FC21F0A22F00922EF9 /* Debug */,
				221A32FD21F0A22F00922EF9 /* Release */,
			);
			defaultConfigurationIsVisible = 0;
			defaultConfigurationName = Release;
		};
		221A32FE21F0A22F00922EF9 /* Build configuration list for PBXNativeTarget "instagramTests" */ = {
			isa = XCConfigurationList;
			buildConfigurations = (
				221A32FF21F0A22F00922EF9 /* Debug */,
				221A330021F0A22F00922EF9 /* Release */,
			);
			defaultConfigurationIsVisible = 0;
			defaultConfigurationName = Release;
		};
		221A330121F0A22F00922EF9 /* Build configuration list for PBXNativeTarget "instagramUITests" */ = {
			isa = XCConfigurationList;
			buildConfigurations = (
				221A330221F0A22F00922EF9 /* Debug */,
				221A330321F0A22F00922EF9 /* Release */,
			);
			defaultConfigurationIsVisible = 0;
			defaultConfigurationName = Release;
		};
/* End XCConfigurationList section */
	};
	rootObject = 221A32CB21F0A22E00922EF9 /* Project object */;
}
